
Microsoft Visual Studio Solution File, Format Version 12.00
# Visual Studio Version 17
VisualStudioVersion = 17.10.35027.167
MinimumVisualStudioVersion = 10.0.40219.1
Project("{FAE04EC0-301F-11D3-BF4B-00C04F79EFBC}") = "tutorialAPI", "tutorialAPI\tutorialAPI.csproj", "{24C4642F-AF58-48FC-9B50-C3ADA021D228}"
EndProject
Global
	GlobalSection(SolutionConfigurationPlatforms) = preSolution
		Debug|Any CPU = Debug|Any CPU
		Release|Any CPU = Release|Any CPU
	EndGlobalSection
	GlobalSection(ProjectConfigurationPlatforms) = postSolution
		{24C4642F-AF58-48FC-9B50-C3ADA021D228}.Debug|Any CPU.ActiveCfg = Debug|Any CPU
		{24C4642F-AF58-48FC-9B50-C3ADA021D228}.Debug|Any CPU.Build.0 = Debug|Any CPU
		{24C4642F-AF58-48FC-9B50-C3ADA021D228}.Release|Any CPU.ActiveCfg = Release|Any CPU
		{24C4642F-AF58-48FC-9B50-C3ADA021D228}.Release|Any CPU.Build.0 = Release|Any CPU
	EndGlobalSection
	GlobalSection(SolutionProperties) = preSolution
		HideSolutionNode = FALSE
	EndGlobalSection
	GlobalSection(ExtensibilityGlobals) = postSolution
		SolutionGuid = {6ABE8DF6-95E7-408D-840B-458B44E30478}
	EndGlobalSection
EndGlobal
